
Microsoft Visual Studio Solution File, Format Version 12.00
# Visual Studio Version 17
VisualStudioVersion = 17.7.34024.191
MinimumVisualStudioVersion = 10.0.40219.1
Project("{FAE04EC0-301F-11D3-BF4B-00C04F79EFBC}") = "dotnet-web-socket-demo", "dotnet-web-socket-demo\dotnet-web-socket-demo.csproj", "{FDE9FC72-50F0-4D48-98B1-D26BA19B88A9}"
EndProject
Global
	GlobalSection(SolutionConfigurationPlatforms) = preSolution
		Debug|Any CPU = Debug|Any CPU
		Release|Any CPU = Release|Any CPU
	EndGlobalSection
	GlobalSection(ProjectConfigurationPlatforms) = postSolution
		{FDE9FC72-50F0-4D48-98B1-D26BA19B88A9}.Debug|Any CPU.ActiveCfg = Debug|Any CPU
		{FDE9FC72-50F0-4D48-98B1-D26BA19B88A9}.Debug|Any CPU.Build.0 = Debug|Any CPU
		{FDE9FC72-50F0-4D48-98B1-D26BA19B88A9}.Release|Any CPU.ActiveCfg = Release|Any CPU
		{FDE9FC72-50F0-4D48-98B1-D26BA19B88A9}.Release|Any CPU.Build.0 = Release|Any CPU
	EndGlobalSection
	GlobalSection(SolutionProperties) = preSolution
		HideSolutionNode = FALSE
	EndGlobalSection
	GlobalSection(ExtensibilityGlobals) = postSolution
		SolutionGuid = {1AA41698-914F-4F9B-A5A2-7F1BDCA226E9}
	EndGlobalSection
EndGlobal
